# THIS IS AN AUTOGENERATED FILE. DO NOT EDIT THIS FILE DIRECTLY.
# yarn lockfile v1


"@remix-run/router@1.17.1":
  version "1.17.1"
  resolved "https://registry.yarnpkg.com/@remix-run/router/-/router-1.17.1.tgz#bf93997beb81863fde042ebd05013a2618471362"
  integrity sha512-mCOMec4BKd6BRGBZeSnGiIgwsbLGp3yhVqAD8H+PxiRNEHgDpZb8J1TnrSDlg97t0ySKMQJTHCWBCmBpSmkF6Q==

react-router-dom@^6.24.1:
  version "6.24.1"
  resolved "https://registry.yarnpkg.com/react-router-dom/-/react-router-dom-6.24.1.tgz#b1a22f7d6c5a1bfce30732bd370713f991ab4de4"
  integrity sha512-U19KtXqooqw967Vw0Qcn5cOvrX5Ejo9ORmOtJMzYWtCT4/WOfFLIZGGsVLxcd9UkBO0mSTZtXqhZBsWlHr7+Sg==
  dependencies:
    "@remix-run/router" "1.17.1"
    react-router "6.24.1"

react-router@6.24.1:
  version "6.24.1"
  resolved "https://registry.yarnpkg.com/react-router/-/react-router-6.24.1.tgz#5a3bbba0000afba68d42915456ca4c806f37a7de"
  integrity sha512-PTXFXGK2pyXpHzVo3rR9H7ip4lSPZZc0bHG5CARmj65fTT6qG7sTngmb6lcYu1gf3y/8KxORoy9yn59pGpCnpg==
  dependencies:
    "@remix-run/router" "1.17.1"
